{
	"name": "default",
	"version": "1.0.0",
	"lockfileVersion": 1,
	"requires": true,
	"dependencies": {
		"lodash": {
			"version": "4.17.10",
			"resolved": "http://npm.byted.org/lodash/-/lodash-4.17.10.tgz",
			"integrity": "sha1-G3eTz3JZ6jj7NmHU04syYK+K5Oc="
		},
		"ramda": {
			"version": "0.25.0",
			"resolved": "http://npm.byted.org/ramda/-/ramda-0.25.0.tgz",
			"integrity": "sha1-j99oIxz/qQvC+UYDkKDLdKKbKak="
		}
	}
}
